Microsoft Visual Studio Solution File, Format Version 12.00
# Visual Studio Version 17
VisualStudioVersion = 17.5.2.0
MinimumVisualStudioVersion = 10.0.40219.1
Project("{FAE04EC0-301F-11D3-BF4B-00C04F79EFBC}") = "MyMudBlazorApp", "MyMudBlazorApp\MyMudBlazorApp.csproj", "{915DBAD4-0BF0-593B-917B-D5D004D8C0ED}"
EndProject
Project("{FAE04EC0-301F-11D3-BF4B-00C04F79EFBC}") = "BackendAPIService", "BackendAPIService\BackendAPIService.csproj", "{6CD24BBC-39C8-47A0-BD8D-42281611CF67}"
EndProject
Global
	GlobalSection(SolutionConfigurationPlatforms) = preSolution
		Debug|Any CPU = Debug|Any CPU
		Release|Any CPU = Release|Any CPU
	EndGlobalSection
	GlobalSection(ProjectConfigurationPlatforms) = postSolution
		{915DBAD4-0BF0-593B-917B-D5D004D8C0ED}.Debug|Any CPU.ActiveCfg = Debug|Any CPU
		{915DBAD4-0BF0-593B-917B-D5D004D8C0ED}.Debug|Any CPU.Build.0 = Debug|Any CPU
		{915DBAD4-0BF0-593B-917B-D5D004D8C0ED}.Release|Any CPU.ActiveCfg = Release|Any CPU
		{915DBAD4-0BF0-593B-917B-D5D004D8C0ED}.Release|Any CPU.Build.0 = Release|Any CPU
		{6CD24BBC-39C8-47A0-BD8D-42281611CF67}.Debug|Any CPU.ActiveCfg = Debug|Any CPU
		{6CD24BBC-39C8-47A0-BD8D-42281611CF67}.Debug|Any CPU.Build.0 = Debug|Any CPU
		{6CD24BBC-39C8-47A0-BD8D-42281611CF67}.Release|Any CPU.ActiveCfg = Release|Any CPU
		{6CD24BBC-39C8-47A0-BD8D-42281611CF67}.Release|Any CPU.Build.0 = Release|Any CPU
	EndGlobalSection
	GlobalSection(SolutionProperties) = preSolution
		HideSolutionNode = FALSE
	EndGlobalSection
	GlobalSection(ExtensibilityGlobals) = postSolution
		SolutionGuid = {4112FE9B-90F8-4C6B-8C8F-5F355A8E457D}
	EndGlobalSection
EndGlobal
